// !$*UTF8*$!
{
	archiveVersion = 1;
	classes = {
	};
	objectVersion = 56;
	objects = {

/* Begin PBXBuildFile section */
		A00000000000000000000001 /* JAGLINK/JAGLINKApp.swift in Sources */ = {isa = PBXBuildFile; fileRef = B00000000000000000000001 /* JAGLINK/JAGLINKApp.swift */; };
		A00000000000000000000002 /* JAGLINK/ContentView.swift in Sources */ = {isa = PBXBuildFile; fileRef = B00000000000000000000002 /* JAGLINK/ContentView.swift */; };
		A00000000000000000000003 /* JAGLINK/ConnectionViewModel.swift in Sources */ = {isa = PBXBuildFile; fileRef = B00000000000000000000003 /* JAGLINK/ConnectionViewModel.swift */; };
		A00000000000000000000004 /* ../../platform/apple/JagLinkBLETransport.m in Sources */ = {isa = PBXBuildFile; fileRef = B00000000000000000000007 /* ../../platform/apple/JagLinkBLETransport.m */; };
		A00000000000000000000005 /* ../../platform/apple/JagLinkDiagnosticsController.m in Sources */ = {isa = PBXBuildFile; fileRef = B00000000000000000000009 /* ../../platform/apple/JagLinkDiagnosticsController.m */; };
		A00000000000000000000010 /* ../../src/core/jaglink.c in Sources */ = {isa = PBXBuildFile; fileRef = B00000000000000000000010 /* ../../src/core/jaglink.c */; };
		A00000000000000000000011 /* ../../src/jaguar/jaguar.c in Sources */ = {isa = PBXBuildFile; fileRef = B00000000000000000000011 /* ../../src/jaguar/jaguar.c */; };
		A00000000000000000000012 /* ../../src/core/parameter.c in Sources */ = {isa = PBXBuildFile; fileRef = B00000000000000000000012 /* ../../src/core/parameter.c */; };
		A00000000000000000000013 /* ../../src/core/scheduler.c in Sources */ = {isa = PBXBuildFile; fileRef = B00000000000000000000013 /* ../../src/core/scheduler.c */; };
		A00000000000000000000014 /* ../../src/core/telemetry_store.c in Sources */ = {isa = PBXBuildFile; fileRef = B00000000000000000000014 /* ../../src/core/telemetry_store.c */; };
		A00000000000000000000015 /* ../../src/core/telemetry_csv.c in Sources */ = {isa = PBXBuildFile; fileRef = B00000000000000000000015 /* ../../src/core/telemetry_csv.c */; };
		A00000000000000000000016 /* ../../src/link/src/core/isotp.c in Sources */ = {isa = PBXBuildFile; fileRef = B00000000000000000000016 /* ../../src/link/src/core/isotp.c */; };
		A00000000000000000000017 /* ../../src/uds/uds.c in Sources */ = {isa = PBXBuildFile; fileRef = B00000000000000000000017 /* ../../src/uds/uds.c */; };
		A00000000000000000000018 /* ../../src/elm327/elm327.c in Sources */ = {isa = PBXBuildFile; fileRef = B00000000000000000000018 /* ../../src/elm327/elm327.c */; };
		A00000000000000000000019 /* ../../src/elm327/can.c in Sources */ = {isa = PBXBuildFile; fileRef = B00000000000000000000019 /* ../../src/elm327/can.c */; };
		A00000000000000000000020 /* ../../src/elm327/session.c in Sources */ = {isa = PBXBuildFile; fileRef = B00000000000000000000020 /* ../../src/elm327/session.c */; };
		A00000000000000000000021 /* ../../src/elm327/probe.c in Sources */ = {isa = PBXBuildFile; fileRef = B00000000000000000000021 /* ../../src/elm327/probe.c */; };
		A00000000000000000000022 /* ../../src/obd2/obd2.c in Sources */ = {isa = PBXBuildFile; fileRef = B00000000000000000000022 /* ../../src/obd2/obd2.c */; };
		A00000000000000000000030 /* CoreBluetooth.framework in Frameworks */ = {isa = PBXBuildFile; fileRef = B00000000000000000000030 /* CoreBluetooth.framework */; };
		A00000000000000000000031 /* libInfiltratrCommonPortable.a in Frameworks */ = {isa = PBXBuildFile; fileRef = C0A110000000000000000005 /* libInfiltratrCommonPortable.a */; };
		A00000000000000000000032 /* JAGLINK/Assets.xcassets in Resources */ = {isa = PBXBuildFile; fileRef = B00000000000000000000032 /* JAGLINK/Assets.xcassets */; };
		D2A900000000000000000001 /* Localizable.strings in Resources */ = {isa = PBXBuildFile; fileRef = D2A900000000000000000005 /* Localizable.strings */; };
		D2A900000000000000000006 /* link_i18n.c in Sources */ = {isa = PBXBuildFile; fileRef = D2A900000000000000000008 /* link_i18n.c */; };
		D2A900000000000000000007 /* link_i18n_platform.c in Sources */ = {isa = PBXBuildFile; fileRef = D2A900000000000000000009 /* link_i18n_platform.c */; };
/* End PBXBuildFile section */

/* Begin PBXContainerItemProxy section */
		C0A110000000000000000002 /* PBXContainerItemProxy */ = {
			isa = PBXContainerItemProxy;
			containerPortal = C0A110000000000000000004 /* InfiltratrCommon.xcodeproj */;
			proxyType = 2;
			remoteGlobalIDString = A10000000000000000000026;
			remoteInfo = InfiltratrCommonPortable;
		};
		C0A110000000000000000003 /* PBXContainerItemProxy */ = {
			isa = PBXContainerItemProxy;
			containerPortal = C0A110000000000000000004 /* InfiltratrCommon.xcodeproj */;
			proxyType = 1;
			remoteGlobalIDString = A10000000000000000000001;
			remoteInfo = InfiltratrCommonPortable;
		};
/* End PBXContainerItemProxy section */

/* Begin PBXFileReference section */
		B00000000000000000000001 /* JAGLINK/JAGLINKApp.swift */ = {isa = PBXFileReference; lastKnownFileType = sourcecode.swift; path = JAGLINK/JAGLINKApp.swift; sourceTree = SOURCE_ROOT; };
		B00000000000000000000002 /* JAGLINK/ContentView.swift */ = {isa = PBXFileReference; lastKnownFileType = sourcecode.swift; path = JAGLINK/ContentView.swift; sourceTree = SOURCE_ROOT; };
		B00000000000000000000003 /* JAGLINK/ConnectionViewModel.swift */ = {isa = PBXFileReference; lastKnownFileType = sourcecode.swift; path = JAGLINK/ConnectionViewModel.swift; sourceTree = SOURCE_ROOT; };
		B00000000000000000000004 /* JAGLINK/JAGLINK-Bridging-Header.h */ = {isa = PBXFileReference; lastKnownFileType = sourcecode.c.h; path = "JAGLINK/JAGLINK-Bridging-Header.h"; sourceTree = SOURCE_ROOT; };
		B00000000000000000000005 /* ../../platform/apple/JagLinkBLETransport.h */ = {isa = PBXFileReference; lastKnownFileType = sourcecode.c.h; path = ../../platform/apple/JagLinkBLETransport.h; sourceTree = SOURCE_ROOT; };
		B00000000000000000000006 /* ../../platform/apple/JagLinkBLETransport+JAGLINK.h */ = {isa = PBXFileReference; lastKnownFileType = sourcecode.c.h; path = "../../platform/apple/JagLinkBLETransport+JAGLINK.h"; sourceTree = SOURCE_ROOT; };
		B00000000000000000000007 /* ../../platform/apple/JagLinkBLETransport.m */ = {isa = PBXFileReference; lastKnownFileType = sourcecode.c.objc; path = ../../platform/apple/JagLinkBLETransport.m; sourceTree = SOURCE_ROOT; };
		B00000000000000000000008 /* ../../platform/apple/JagLinkDiagnosticsController.h */ = {isa = PBXFileReference; lastKnownFileType = sourcecode.c.h; path = ../../platform/apple/JagLinkDiagnosticsController.h; sourceTree = SOURCE_ROOT; };
		B00000000000000000000009 /* ../../platform/apple/JagLinkDiagnosticsController.m */ = {isa = PBXFileReference; lastKnownFileType = sourcecode.c.objc; path = ../../platform/apple/JagLinkDiagnosticsController.m; sourceTree = SOURCE_ROOT; };
		B00000000000000000000010 /* ../../src/core/jaglink.c */ = {isa = PBXFileReference; lastKnownFileType = sourcecode.c.c; path = ../../src/core/jaglink.c; sourceTree = SOURCE_ROOT; };
		B00000000000000000000011 /* ../../src/jaguar/jaguar.c */ = {isa = PBXFileReference; lastKnownFileType = sourcecode.c.c; path = ../../src/jaguar/jaguar.c; sourceTree = SOURCE_ROOT; };
		B00000000000000000000012 /* ../../src/core/parameter.c */ = {isa = PBXFileReference; lastKnownFileType = sourcecode.c.c; path = ../../src/core/parameter.c; sourceTree = SOURCE_ROOT; };
		B00000000000000000000013 /* ../../src/core/scheduler.c */ = {isa = PBXFileReference; lastKnownFileType = sourcecode.c.c; path = ../../src/core/scheduler.c; sourceTree = SOURCE_ROOT; };
		B00000000000000000000014 /* ../../src/core/telemetry_store.c */ = {isa = PBXFileReference; lastKnownFileType = sourcecode.c.c; path = ../../src/core/telemetry_store.c; sourceTree = SOURCE_ROOT; };
		B00000000000000000000015 /* ../../src/core/telemetry_csv.c */ = {isa = PBXFileReference; lastKnownFileType = sourcecode.c.c; path = ../../src/core/telemetry_csv.c; sourceTree = SOURCE_ROOT; };
		B00000000000000000000016 /* ../../src/link/src/core/isotp.c */ = {isa = PBXFileReference; lastKnownFileType = sourcecode.c.c; path = ../../src/link/src/core/isotp.c; sourceTree = SOURCE_ROOT; };
		B00000000000000000000017 /* ../../src/uds/uds.c */ = {isa = PBXFileReference; lastKnownFileType = sourcecode.c.c; path = ../../src/uds/uds.c; sourceTree = SOURCE_ROOT; };
		B00000000000000000000018 /* ../../src/elm327/elm327.c */ = {isa = PBXFileReference; lastKnownFileType = sourcecode.c.c; path = ../../src/elm327/elm327.c; sourceTree = SOURCE_ROOT; };
		B00000000000000000000019 /* ../../src/elm327/can.c */ = {isa = PBXFileReference; lastKnownFileType = sourcecode.c.c; path = ../../src/elm327/can.c; sourceTree = SOURCE_ROOT; };
		B00000000000000000000020 /* ../../src/elm327/session.c */ = {isa = PBXFileReference; lastKnownFileType = sourcecode.c.c; path = ../../src/elm327/session.c; sourceTree = SOURCE_ROOT; };
		B00000000000000000000021 /* ../../src/elm327/probe.c */ = {isa = PBXFileReference; lastKnownFileType = sourcecode.c.c; path = ../../src/elm327/probe.c; sourceTree = SOURCE_ROOT; };
		B00000000000000000000022 /* ../../src/obd2/obd2.c */ = {isa = PBXFileReference; lastKnownFileType = sourcecode.c.c; path = ../../src/obd2/obd2.c; sourceTree = SOURCE_ROOT; };
		B00000000000000000000030 /* CoreBluetooth.framework */ = {isa = PBXFileReference; lastKnownFileType = wrapper.framework; name = CoreBluetooth.framework; path = System/Library/Frameworks/CoreBluetooth.framework; sourceTree = SDKROOT; };
		B00000000000000000000032 /* JAGLINK/Assets.xcassets */ = {isa = PBXFileReference; lastKnownFileType = folder.assetcatalog; path = JAGLINK/Assets.xcassets; sourceTree = SOURCE_ROOT; };
		D2A900000000000000000002 /* en */ = {isa = PBXFileReference; lastKnownFileType = text.plist.strings; name = en; path = "JAGLINK/en.lproj/Localizable.strings"; sourceTree = SOURCE_ROOT; };
		D2A900000000000000000003 /* de */ = {isa = PBXFileReference; lastKnownFileType = text.plist.strings; name = de; path = "JAGLINK/de.lproj/Localizable.strings"; sourceTree = SOURCE_ROOT; };
		D2A900000000000000000004 /* pl */ = {isa = PBXFileReference; lastKnownFileType = text.plist.strings; name = pl; path = "JAGLINK/pl.lproj/Localizable.strings"; sourceTree = SOURCE_ROOT; };
		D2A900000000000000000008 /* link_i18n.c */ = {isa = PBXFileReference; lastKnownFileType = sourcecode.c.c; name = link_i18n.c; path = "../../src/link/src/core/i18n.c"; sourceTree = SOURCE_ROOT; };
		D2A900000000000000000009 /* link_i18n_platform.c */ = {isa = PBXFileReference; lastKnownFileType = sourcecode.c.c; name = link_i18n_platform.c; path = "../../src/link/src/core/i18n_platform.c"; sourceTree = SOURCE_ROOT; };
		B00000000000000000000040 /* JAGLINK.app */ = {isa = PBXFileReference; explicitFileType = wrapper.application; includeInIndex = 0; path = JAGLINK.app; sourceTree = BUILT_PRODUCTS_DIR; };
		C0A110000000000000000004 /* InfiltratrCommon.xcodeproj */ = {isa = PBXFileReference; lastKnownFileType = "wrapper.pb-project"; name = InfiltratrCommon.xcodeproj; path = "../../src/link/src/infiltratr-common/apple/InfiltratrCommon.xcodeproj"; sourceTree = SOURCE_ROOT; };
/* End PBXFileReference section */

/* Begin PBXFrameworksBuildPhase section */
		F00000000000000000000001 /* Frameworks */ = {
			isa = PBXFrameworksBuildPhase;
			buildActionMask = 2147483647;
			files = (
				A00000000000000000000030 /* CoreBluetooth.framework in Frameworks */,
				A00000000000000000000031 /* libInfiltratrCommonPortable.a in Frameworks */,
			);
			runOnlyForDeploymentPostprocessing = 0;
		};
/* End PBXFrameworksBuildPhase section */

/* Begin PBXGroup section */
		E00000000000000000000001 = {
			isa = PBXGroup;
			children = (
				E00000000000000000000002 /* App */,
				E00000000000000000000003 /* Apple Platform */,
				E00000000000000000000004 /* Portable Core */,
				E00000000000000000000005 /* Infiltratr Common */,
				E00000000000000000000006 /* Frameworks */,
				E00000000000000000000007 /* Products */,
			);
			sourceTree = "<group>";
		};
		E00000000000000000000002 /* App */ = {
			isa = PBXGroup;
			children = (
				B00000000000000000000001 /* JAGLINK/JAGLINKApp.swift */,
				B00000000000000000000002 /* JAGLINK/ContentView.swift */,
				B00000000000000000000003 /* JAGLINK/ConnectionViewModel.swift */,
				B00000000000000000000004 /* JAGLINK/JAGLINK-Bridging-Header.h */,
				B00000000000000000000032 /* JAGLINK/Assets.xcassets */,
				D2A900000000000000000005 /* Localizable.strings */,
			);
			name = App;
			sourceTree = "<group>";
		};
		E00000000000000000000003 /* Apple Platform */ = {
			isa = PBXGroup;
			children = (
				B00000000000000000000005 /* ../../platform/apple/JagLinkBLETransport.h */,
				B00000000000000000000006 /* ../../platform/apple/JagLinkBLETransport+JAGLINK.h */,
				B00000000000000000000007 /* ../../platform/apple/JagLinkBLETransport.m */,
				B00000000000000000000008 /* ../../platform/apple/JagLinkDiagnosticsController.h */,
				B00000000000000000000009 /* ../../platform/apple/JagLinkDiagnosticsController.m */,
			);
			name = "Apple Platform";
			sourceTree = "<group>";
		};
		E00000000000000000000004 /* Portable Core */ = {
			isa = PBXGroup;
			children = (
				B00000000000000000000010 /* ../../src/core/jaglink.c */,
				B00000000000000000000011 /* ../../src/jaguar/jaguar.c */,
				B00000000000000000000012 /* ../../src/core/parameter.c */,
				B00000000000000000000013 /* ../../src/core/scheduler.c */,
				B00000000000000000000014 /* ../../src/core/telemetry_store.c */,
				B00000000000000000000015 /* ../../src/core/telemetry_csv.c */,
				B00000000000000000000016 /* ../../src/link/src/core/isotp.c */,
				B00000000000000000000017 /* ../../src/uds/uds.c */,
				B00000000000000000000018 /* ../../src/elm327/elm327.c */,
				B00000000000000000000019 /* ../../src/elm327/can.c */,
				B00000000000000000000020 /* ../../src/elm327/session.c */,
				B00000000000000000000021 /* ../../src/elm327/probe.c */,
				B00000000000000000000022 /* ../../src/obd2/obd2.c */,
			);
			name = "Portable Core";
			sourceTree = "<group>";
		};
		E00000000000000000000005 /* Infiltratr Common */ = {
			isa = PBXGroup;
			children = (
				C0A110000000000000000004 /* InfiltratrCommon.xcodeproj */,
			);
			name = "Infiltratr Common";
			sourceTree = "<group>";
		};
		E00000000000000000000006 /* Frameworks */ = {
			isa = PBXGroup;
			children = (
				B00000000000000000000030 /* CoreBluetooth.framework */,
			);
			name = Frameworks;
			sourceTree = "<group>";
		};
		E00000000000000000000007 /* Products */ = {
			isa = PBXGroup;
			children = (
				B00000000000000000000040 /* JAGLINK.app */,
			);
			name = Products;
			sourceTree = "<group>";
		};
		E00000000000000000000008 /* Products */ = {
			isa = PBXGroup;
			children = (
				C0A110000000000000000005 /* libInfiltratrCommonPortable.a */,
			);
			name = Products;
			sourceTree = "<group>";
		};
/* End PBXGroup section */

/* Begin PBXVariantGroup section */
		D2A900000000000000000005 /* Localizable.strings */ = {
			isa = PBXVariantGroup;
			children = (
				D2A900000000000000000002 /* en */,
				D2A900000000000000000003 /* de */,
				D2A900000000000000000004 /* pl */,
			);
			name = Localizable.strings;
			sourceTree = "<group>";
		};
/* End PBXVariantGroup section */

/* Begin PBXNativeTarget section */
		C13732C8E715C9BEE4FA51C9 /* JAGLINK */ = {
			isa = PBXNativeTarget;
			buildConfigurationList = L00000000000000000000002;
			buildPhases = (
				S00000000000000000000001,
				F00000000000000000000001 /* Frameworks */,
				R00000000000000000000001,
			);
			buildRules = (
			);
			dependencies = (
				C0A110000000000000000007 /* PBXTargetDependency */,
			);
			name = JAGLINK;
			productName = JAGLINK;
			productReference = B00000000000000000000040 /* JAGLINK.app */;
			productType = "com.apple.product-type.application";
		};
/* End PBXNativeTarget section */

/* Begin PBXProject section */
		P00000000000000000000001 = {
			isa = PBXProject;
			attributes = {
				BuildIndependentTargetsInParallel = YES;
				LastSwiftUpdateCheck = 1600;
				LastUpgradeCheck = 1600;
				TargetAttributes = {
					C13732C8E715C9BEE4FA51C9 = {
						CreatedOnToolsVersion = 16.0;
					};
				};
			};
			buildConfigurationList = L00000000000000000000001;
			compatibilityVersion = "Xcode 14.0";
			developmentRegion = en;
			hasScannedForEncodings = 0;
			knownRegions = (
				en,
				de,
				pl,
				Base,
			);
			mainGroup = E00000000000000000000001;
			productRefGroup = E00000000000000000000007 /* Products */;
			projectDirPath = "";
			projectReferences = (
				{
					ProductGroup = E00000000000000000000008 /* Products */;
					ProjectRef = C0A110000000000000000004 /* InfiltratrCommon.xcodeproj */;
				},
			);
			projectRoot = "";
			targets = (
				C13732C8E715C9BEE4FA51C9 /* JAGLINK */,
			);
		};
/* End PBXProject section */

/* Begin PBXReferenceProxy section */
		C0A110000000000000000005 /* libInfiltratrCommonPortable.a */ = {
			isa = PBXReferenceProxy;
			fileType = archive.ar;
			path = libInfiltratrCommonPortable.a;
			remoteRef = C0A110000000000000000002 /* PBXContainerItemProxy */;
			sourceTree = BUILT_PRODUCTS_DIR;
		};
/* End PBXReferenceProxy section */

/* Begin PBXResourcesBuildPhase section */
		R00000000000000000000001 = {
			isa = PBXResourcesBuildPhase;
			buildActionMask = 2147483647;
			files = (
				A00000000000000000000032 /* JAGLINK/Assets.xcassets in Resources */,
				D2A900000000000000000001 /* Localizable.strings in Resources */,
			);
			runOnlyForDeploymentPostprocessing = 0;
		};
/* End PBXResourcesBuildPhase section */

/* Begin PBXSourcesBuildPhase section */
		S00000000000000000000001 = {
			isa = PBXSourcesBuildPhase;
			buildActionMask = 2147483647;
			files = (
				A00000000000000000000001 /* JAGLINK/JAGLINKApp.swift in Sources */,
				A00000000000000000000002 /* JAGLINK/ContentView.swift in Sources */,
				A00000000000000000000003 /* JAGLINK/ConnectionViewModel.swift in Sources */,
				A00000000000000000000004 /* ../../platform/apple/JagLinkBLETransport.m in Sources */,
				A00000000000000000000005 /* ../../platform/apple/JagLinkDiagnosticsController.m in Sources */,
				A00000000000000000000010 /* ../../src/core/jaglink.c in Sources */,
				A00000000000000000000011 /* ../../src/jaguar/jaguar.c in Sources */,
				A00000000000000000000012 /* ../../src/core/parameter.c in Sources */,
				A00000000000000000000013 /* ../../src/core/scheduler.c in Sources */,
				A00000000000000000000014 /* ../../src/core/telemetry_store.c in Sources */,
				A00000000000000000000015 /* ../../src/core/telemetry_csv.c in Sources */,
				A00000000000000000000016 /* ../../src/link/src/core/isotp.c in Sources */,
				A00000000000000000000017 /* ../../src/uds/uds.c in Sources */,
				A00000000000000000000018 /* ../../src/elm327/elm327.c in Sources */,
				A00000000000000000000019 /* ../../src/elm327/can.c in Sources */,
				A00000000000000000000020 /* ../../src/elm327/session.c in Sources */,
				A00000000000000000000021 /* ../../src/elm327/probe.c in Sources */,
				A00000000000000000000022 /* ../../src/obd2/obd2.c in Sources */,
				D2A900000000000000000006 /* link_i18n.c in Sources */,
				D2A900000000000000000007 /* link_i18n_platform.c in Sources */,
			);
			runOnlyForDeploymentPostprocessing = 0;
		};
/* End PBXSourcesBuildPhase section */

/* Begin PBXTargetDependency section */
		C0A110000000000000000007 /* PBXTargetDependency */ = {
			isa = PBXTargetDependency;
			name = InfiltratrCommonPortable;
			targetProxy = C0A110000000000000000003 /* PBXContainerItemProxy */;
		};
/* End PBXTargetDependency section */

/* Begin XCBuildConfiguration section */
		D00000000000000000000001 /* Debug */ = {
			isa = XCBuildConfiguration;
			buildSettings = {
				CLANG_ENABLE_MODULES = YES;
				CLANG_ENABLE_OBJC_ARC = YES;
				GCC_C_LANGUAGE_STANDARD = c11;
				IPHONEOS_DEPLOYMENT_TARGET = 17.0;
				SDKROOT = iphoneos;
				SWIFT_VERSION = 5.0;
			};
			name = Debug;
		};
		D00000000000000000000002 /* Release */ = {
			isa = XCBuildConfiguration;
			buildSettings = {
				CLANG_ENABLE_MODULES = YES;
				CLANG_ENABLE_OBJC_ARC = YES;
				GCC_C_LANGUAGE_STANDARD = c11;
				IPHONEOS_DEPLOYMENT_TARGET = 17.0;
				SDKROOT = iphoneos;
				SWIFT_COMPILATION_MODE = wholemodule;
				SWIFT_VERSION = 5.0;
			};
			name = Release;
		};
		D00000000000000000000003 /* Debug */ = {
			isa = XCBuildConfiguration;
			buildSettings = {
				ASSETCATALOG_COMPILER_APPICON_NAME = AppIcon;
				CODE_SIGN_STYLE = Automatic;
				CURRENT_PROJECT_VERSION = 1;
				DEFINES_MODULE = YES;
				GCC_C_LANGUAGE_STANDARD = c11;
				GCC_PREPROCESSOR_DEFINITIONS = (
					"$(inherited)",
					"JAGLINK_VERSION=\\\"$(MARKETING_VERSION)\\\"",
				);
				GCC_TREAT_WARNINGS_AS_ERRORS = YES;
				GENERATE_INFOPLIST_FILE = YES;
				HEADER_SEARCH_PATHS = (
					"$(SRCROOT)/../../include",
					"$(SRCROOT)/../../src/link/include",
					"$(SRCROOT)/../../src/link/src/infiltratr-common/include",
					"$(SRCROOT)/../../platform/apple",
				);
				INFOPLIST_KEY_CFBundleDisplayName = JAGLINK;
				INFOPLIST_KEY_NSBluetoothAlwaysUsageDescription = "JAGLINK uses Bluetooth to communicate with your OBD-II diagnostic adapter.";
				INFOPLIST_KEY_NSHumanReadableCopyright = "Copyright © 2026 Xavier Wheaton and Shannon Smith";
				INFOPLIST_KEY_UILaunchScreen_Generation = YES;
				IPHONEOS_DEPLOYMENT_TARGET = 17.0;
				LD_RUNPATH_SEARCH_PATHS = (
					"$(inherited)",
					"@executable_path/Frameworks",
				);
				MARKETING_VERSION = 0.2.12;
				ONLY_ACTIVE_ARCH = YES;
				PRODUCT_BUNDLE_IDENTIFIER = "com.github.The-First-Infiltrator.Jaglink";
				PRODUCT_NAME = "$(TARGET_NAME)";
				SUPPORTED_PLATFORMS = "iphoneos iphonesimulator";
				SUPPORTS_MACCATALYST = NO;
				SWIFT_OBJC_BRIDGING_HEADER = "JAGLINK/JAGLINK-Bridging-Header.h";
				SWIFT_TREAT_WARNINGS_AS_ERRORS = YES;
				SWIFT_VERSION = 5.0;
				TARGETED_DEVICE_FAMILY = 1;
			};
			name = Debug;
		};
		D00000000000000000000004 /* Release */ = {
			isa = XCBuildConfiguration;
			buildSettings = {
				ASSETCATALOG_COMPILER_APPICON_NAME = AppIcon;
				CODE_SIGN_STYLE = Automatic;
				CURRENT_PROJECT_VERSION = 1;
				DEFINES_MODULE = YES;
				GCC_C_LANGUAGE_STANDARD = c11;
				GCC_PREPROCESSOR_DEFINITIONS = (
					"$(inherited)",
					"JAGLINK_VERSION=\\\"$(MARKETING_VERSION)\\\"",
				);
				GCC_TREAT_WARNINGS_AS_ERRORS = YES;
				GENERATE_INFOPLIST_FILE = YES;
				HEADER_SEARCH_PATHS = (
					"$(SRCROOT)/../../include",
					"$(SRCROOT)/../../src/link/include",
					"$(SRCROOT)/../../src/link/src/infiltratr-common/include",
					"$(SRCROOT)/../../platform/apple",
				);
				INFOPLIST_KEY_CFBundleDisplayName = JAGLINK;
				INFOPLIST_KEY_NSBluetoothAlwaysUsageDescription = "JAGLINK uses Bluetooth to communicate with your OBD-II diagnostic adapter.";
				INFOPLIST_KEY_NSHumanReadableCopyright = "Copyright © 2026 Xavier Wheaton and Shannon Smith";
				INFOPLIST_KEY_UILaunchScreen_Generation = YES;
				IPHONEOS_DEPLOYMENT_TARGET = 17.0;
				LD_RUNPATH_SEARCH_PATHS = (
					"$(inherited)",
					"@executable_path/Frameworks",
				);
				MARKETING_VERSION = 0.2.12;
				PRODUCT_BUNDLE_IDENTIFIER = "com.github.The-First-Infiltrator.Jaglink";
				PRODUCT_NAME = "$(TARGET_NAME)";
				SUPPORTED_PLATFORMS = "iphoneos iphonesimulator";
				SUPPORTS_MACCATALYST = NO;
				SWIFT_OBJC_BRIDGING_HEADER = "JAGLINK/JAGLINK-Bridging-Header.h";
				SWIFT_TREAT_WARNINGS_AS_ERRORS = YES;
				SWIFT_VERSION = 5.0;
				TARGETED_DEVICE_FAMILY = 1;
			};
			name = Release;
		};
/* End XCBuildConfiguration section */

/* Begin XCConfigurationList section */
		L00000000000000000000001 = {
			isa = XCConfigurationList;
			buildConfigurations = (
				D00000000000000000000001 /* Debug */,
				D00000000000000000000002 /* Release */,
			);
			defaultConfigurationIsVisible = 0;
			defaultConfigurationName = Release;
		};
		L00000000000000000000002 = {
			isa = XCConfigurationList;
			buildConfigurations = (
				D00000000000000000000003 /* Debug */,
				D00000000000000000000004 /* Release */,
			);
			defaultConfigurationIsVisible = 0;
			defaultConfigurationName = Release;
		};
/* End XCConfigurationList section */
	};
	rootObject = P00000000000000000000001 /* Project object */;
}
